# This file is automatically @generated by Poetry 1.5.1 and should not be changed by hand.

[[package]]
name = "metabasepy"
version = "1.12.0"
description = "Python wrapper for Metabase REST API"
optional = false
python-versions = "*"
files = [
    {file = "metabasepy-1.12.0-py3-none-any.whl", hash = "sha256:6b65f2cb8985d8d8defd7b81d61e55f8863c95b0d08361af996e63e6530cde04"},
    {file = "metabasepy-1.12.0.tar.gz", hash = "sha256:8228444db60d50620de72f6b88185e01a68ddfed75504a16f78ed92ba5ef55b6"},
]

[metadata]
lock-version = "2.0"
python-versions = ">=3.10.0,<3.11"
content-hash = "844a6ab4d451407864c21d868ddae0aeb346ae806a0dac5a126af672bde59748"
